
Microsoft Visual Studio Solution File, Format Version 12.00
# Visual Studio Version 17
VisualStudioVersion = 17.14.37027.9
MinimumVisualStudioVersion = 10.0.40219.1
Project("{2150E333-8FDC-42A3-9474-1A3956D46DE8}") = "Service", "Service", "{02EA681E-C7D8-13C7-8484-4AC65E1B71E8}"
EndProject
Project("{2150E333-8FDC-42A3-9474-1A3956D46DE8}") = "Catalog", "Catalog", "{24E3A3A8-4FAF-48F0-9B46-96539DE06D32}"
EndProject
Project("{FAE04EC0-301F-11D3-BF4B-00C04F79EFBC}") = "Catalog.API", "Service\Catalog\Catalog.API\Catalog.API.csproj", "{D04391D3-6582-4149-9924-74E9458C8BF3}"
EndProject
Project("{2150E333-8FDC-42A3-9474-1A3956D46DE8}") = "BuildingBlocks", "BuildingBlocks", "{122ECE94-5F99-40A2-B8D5-E89A0E97FD05}"
EndProject
Project("{FAE04EC0-301F-11D3-BF4B-00C04F79EFBC}") = "BuildingBlocks", "BuildingBlocks\BuildingBlocks\BuildingBlocks.csproj", "{2C62F89A-77FC-48BB-92FF-4B6498E5F0F8}"
EndProject
Project("{E53339B2-1760-4266-BCC7-CA923CBCF16C}") = "docker-compose", "docker-compose.dcproj", "{81DDED9D-158B-E303-5F62-77A2896D2A5A}"
EndProject
Project("{2150E333-8FDC-42A3-9474-1A3956D46DE8}") = "Basket", "Basket", "{BC99DEA0-CEF7-4758-B5D2-9CE0A463BF28}"
EndProject
Project("{FAE04EC0-301F-11D3-BF4B-00C04F79EFBC}") = "Basket.API", "Service\Basket\Basket.API\Basket.API.csproj", "{B72418A1-AA07-4F56-8723-A86583879CEA}"
EndProject
Project("{2150E333-8FDC-42A3-9474-1A3956D46DE8}") = "Discount", "Discount", "{A5EFAB8F-A8E1-4A52-810D-2A8F1EA57CEE}"
EndProject
Project("{FAE04EC0-301F-11D3-BF4B-00C04F79EFBC}") = "Discount.Grpc", "Service\Discount\Discount.Grpc\Discount.Grpc.csproj", "{1D76DDE4-4F2E-4201-B5D7-4CFD0C5A0A38}"
EndProject
Global
	GlobalSection(SolutionConfigurationPlatforms) = preSolution
		Debug|Any CPU = Debug|Any CPU
		Release|Any CPU = Release|Any CPU
	EndGlobalSection
	GlobalSection(ProjectConfigurationPlatforms) = postSolution
		{D04391D3-6582-4149-9924-74E9458C8BF3}.Debug|Any CPU.ActiveCfg = Debug|Any CPU
		{D04391D3-6582-4149-9924-74E9458C8BF3}.Debug|Any CPU.Build.0 = Debug|Any CPU
		{D04391D3-6582-4149-9924-74E9458C8BF3}.Release|Any CPU.ActiveCfg = Release|Any CPU
		{D04391D3-6582-4149-9924-74E9458C8BF3}.Release|Any CPU.Build.0 = Release|Any CPU
		{2C62F89A-77FC-48BB-92FF-4B6498E5F0F8}.Debug|Any CPU.ActiveCfg = Debug|Any CPU
		{2C62F89A-77FC-48BB-92FF-4B6498E5F0F8}.Debug|Any CPU.Build.0 = Debug|Any CPU
		{2C62F89A-77FC-48BB-92FF-4B6498E5F0F8}.Release|Any CPU.ActiveCfg = Release|Any CPU
		{2C62F89A-77FC-48BB-92FF-4B6498E5F0F8}.Release|Any CPU.Build.0 = Release|Any CPU
		{81DDED9D-158B-E303-5F62-77A2896D2A5A}.Debug|Any CPU.ActiveCfg = Debug|Any CPU
		{81DDED9D-158B-E303-5F62-77A2896D2A5A}.Debug|Any CPU.Build.0 = Debug|Any CPU
		{81DDED9D-158B-E303-5F62-77A2896D2A5A}.Release|Any CPU.ActiveCfg = Release|Any CPU
		{81DDED9D-158B-E303-5F62-77A2896D2A5A}.Release|Any CPU.Build.0 = Release|Any CPU
		{B72418A1-AA07-4F56-8723-A86583879CEA}.Debug|Any CPU.ActiveCfg = Debug|Any CPU
		{B72418A1-AA07-4F56-8723-A86583879CEA}.Debug|Any CPU.Build.0 = Debug|Any CPU
		{B72418A1-AA07-4F56-8723-A86583879CEA}.Release|Any CPU.ActiveCfg = Release|Any CPU
		{B72418A1-AA07-4F56-8723-A86583879CEA}.Release|Any CPU.Build.0 = Release|Any CPU
		{1D76DDE4-4F2E-4201-B5D7-4CFD0C5A0A38}.Debug|Any CPU.ActiveCfg = Debug|Any CPU
		{1D76DDE4-4F2E-4201-B5D7-4CFD0C5A0A38}.Debug|Any CPU.Build.0 = Debug|Any CPU
		{1D76DDE4-4F2E-4201-B5D7-4CFD0C5A0A38}.Release|Any CPU.ActiveCfg = Release|Any CPU
		{1D76DDE4-4F2E-4201-B5D7-4CFD0C5A0A38}.Release|Any CPU.Build.0 = Release|Any CPU
	EndGlobalSection
	GlobalSection(SolutionProperties) = preSolution
		HideSolutionNode = FALSE
	EndGlobalSection
	GlobalSection(NestedProjects) = preSolution
		{24E3A3A8-4FAF-48F0-9B46-96539DE06D32} = {02EA681E-C7D8-13C7-8484-4AC65E1B71E8}
		{D04391D3-6582-4149-9924-74E9458C8BF3} = {24E3A3A8-4FAF-48F0-9B46-96539DE06D32}
		{2C62F89A-77FC-48BB-92FF-4B6498E5F0F8} = {122ECE94-5F99-40A2-B8D5-E89A0E97FD05}
		{BC99DEA0-CEF7-4758-B5D2-9CE0A463BF28} = {02EA681E-C7D8-13C7-8484-4AC65E1B71E8}
		{B72418A1-AA07-4F56-8723-A86583879CEA} = {BC99DEA0-CEF7-4758-B5D2-9CE0A463BF28}
		{A5EFAB8F-A8E1-4A52-810D-2A8F1EA57CEE} = {02EA681E-C7D8-13C7-8484-4AC65E1B71E8}
		{1D76DDE4-4F2E-4201-B5D7-4CFD0C5A0A38} = {A5EFAB8F-A8E1-4A52-810D-2A8F1EA57CEE}
	EndGlobalSection
	GlobalSection(ExtensibilityGlobals) = postSolution
		SolutionGuid = {0A3D1A60-7A1D-43F1-BAB7-2CE04E1177BA}
	EndGlobalSection
EndGlobal
