
Microsoft Visual Studio Solution File, Format Version 12.00
# Visual Studio Version 17
VisualStudioVersion = 17.14.37027.9
MinimumVisualStudioVersion = 10.0.40219.1
Project("{2150E333-8FDC-42A3-9474-1A3956D46DE8}") = "Service", "Service", "{02EA681E-C7D8-13C7-8484-4AC65E1B71E8}"
EndProject
Project("{2150E333-8FDC-42A3-9474-1A3956D46DE8}") = "Catalog", "Catalog", "{24E3A3A8-4FAF-48F0-9B46-96539DE06D32}"
EndProject
Project("{FAE04EC0-301F-11D3-BF4B-00C04F79EFBC}") = "Catalog.API", "Service\Catalog\Catalog.APICatalog.API\Catalog.API.csproj", "{D04391D3-6582-4149-9924-74E9458C8BF3}"
EndProject
Project("{2150E333-8FDC-42A3-9474-1A3956D46DE8}") = "BuildingBlocks", "BuildingBlocks", "{122ECE94-5F99-40A2-B8D5-E89A0E97FD05}"
EndProject
Project("{FAE04EC0-301F-11D3-BF4B-00C04F79EFBC}") = "BuildingBlocks", "BuildingBlocks\BuildingBlocks\BuildingBlocks.csproj", "{2C62F89A-77FC-48BB-92FF-4B6498E5F0F8}"
EndProject
Global
	GlobalSection(SolutionConfigurationPlatforms) = preSolution
		Debug|Any CPU = Debug|Any CPU
		Release|Any CPU = Release|Any CPU
	EndGlobalSection
	GlobalSection(ProjectConfigurationPlatforms) = postSolution
		{D04391D3-6582-4149-9924-74E9458C8BF3}.Debug|Any CPU.ActiveCfg = Debug|Any CPU
		{D04391D3-6582-4149-9924-74E9458C8BF3}.Debug|Any CPU.Build.0 = Debug|Any CPU
		{D04391D3-6582-4149-9924-74E9458C8BF3}.Release|Any CPU.ActiveCfg = Release|Any CPU
		{D04391D3-6582-4149-9924-74E9458C8BF3}.Release|Any CPU.Build.0 = Release|Any CPU
		{2C62F89A-77FC-48BB-92FF-4B6498E5F0F8}.Debug|Any CPU.ActiveCfg = Debug|Any CPU
		{2C62F89A-77FC-48BB-92FF-4B6498E5F0F8}.Debug|Any CPU.Build.0 = Debug|Any CPU
		{2C62F89A-77FC-48BB-92FF-4B6498E5F0F8}.Release|Any CPU.ActiveCfg = Release|Any CPU
		{2C62F89A-77FC-48BB-92FF-4B6498E5F0F8}.Release|Any CPU.Build.0 = Release|Any CPU
	EndGlobalSection
	GlobalSection(SolutionProperties) = preSolution
		HideSolutionNode = FALSE
	EndGlobalSection
	GlobalSection(NestedProjects) = preSolution
		{24E3A3A8-4FAF-48F0-9B46-96539DE06D32} = {02EA681E-C7D8-13C7-8484-4AC65E1B71E8}
		{D04391D3-6582-4149-9924-74E9458C8BF3} = {24E3A3A8-4FAF-48F0-9B46-96539DE06D32}
		{2C62F89A-77FC-48BB-92FF-4B6498E5F0F8} = {122ECE94-5F99-40A2-B8D5-E89A0E97FD05}
	EndGlobalSection
	GlobalSection(ExtensibilityGlobals) = postSolution
		SolutionGuid = {0A3D1A60-7A1D-43F1-BAB7-2CE04E1177BA}
	EndGlobalSection
EndGlobal
